
Microsoft Visual Studio Solution File, Format Version 12.00
# Visual Studio Version 17
VisualStudioVersion = 17.8.34212.112
MinimumVisualStudioVersion = 10.0.40219.1
Project("{2150E333-8FDC-42A3-9474-1A3956D46DE8}") = "src", "src", "{5A5C882C-EA8A-41FD-9AA5-A5E5AD51659C}"
EndProject
Project("{FAE04EC0-301F-11D3-BF4B-00C04F79EFBC}") = "Shared", "src\Shared\Shared.csproj", "{9BB6BF28-97FD-427B-898D-9317BEB60DDF}"
EndProject
Project("{2150E333-8FDC-42A3-9474-1A3956D46DE8}") = "Server", "Server", "{DAFBAF4C-1D84-4366-ACF8-D21A858C1716}"
EndProject
Project("{FAE04EC0-301F-11D3-BF4B-00C04F79EFBC}") = "Domain", "src\Server\Domain\Domain.csproj", "{7C7AAFED-D146-4E7D-AF38-E99E5E8C42A9}"
EndProject
Project("{FAE04EC0-301F-11D3-BF4B-00C04F79EFBC}") = "Application", "src\Server\Application\Application.csproj", "{9CF4B445-519E-4352-B2D5-6E68ECA14529}"
EndProject
Project("{FAE04EC0-301F-11D3-BF4B-00C04F79EFBC}") = "Infrastructure", "src\Server\Infrastructure\Infrastructure.csproj", "{A30B69C0-7AEB-42A7-8AB6-3576069D0653}"
EndProject
Project("{FAE04EC0-301F-11D3-BF4B-00C04F79EFBC}") = "WebAPI", "src\Server\WebAPI\WebAPI.csproj", "{F7E82426-0842-45B9-BB03-C4A11F0F6322}"
EndProject
Project("{2150E333-8FDC-42A3-9474-1A3956D46DE8}") = "Client", "Client", "{C31C9229-E6BA-46B2-B7C8-2E642E5D8C84}"
EndProject
Project("{FAE04EC0-301F-11D3-BF4B-00C04F79EFBC}") = "Web", "src\Client\Web\Web.csproj", "{0A09486F-18C6-44A5-B1B3-927C33D5216B}"
EndProject
Global
	GlobalSection(SolutionConfigurationPlatforms) = preSolution
		Debug|Any CPU = Debug|Any CPU
		Release|Any CPU = Release|Any CPU
	EndGlobalSection
	GlobalSection(ProjectConfigurationPlatforms) = postSolution
		{9BB6BF28-97FD-427B-898D-9317BEB60DDF}.Debug|Any CPU.ActiveCfg = Debug|Any CPU
		{9BB6BF28-97FD-427B-898D-9317BEB60DDF}.Debug|Any CPU.Build.0 = Debug|Any CPU
		{9BB6BF28-97FD-427B-898D-9317BEB60DDF}.Release|Any CPU.ActiveCfg = Release|Any CPU
		{9BB6BF28-97FD-427B-898D-9317BEB60DDF}.Release|Any CPU.Build.0 = Release|Any CPU
		{7C7AAFED-D146-4E7D-AF38-E99E5E8C42A9}.Debug|Any CPU.ActiveCfg = Debug|Any CPU
		{7C7AAFED-D146-4E7D-AF38-E99E5E8C42A9}.Debug|Any CPU.Build.0 = Debug|Any CPU
		{7C7AAFED-D146-4E7D-AF38-E99E5E8C42A9}.Release|Any CPU.ActiveCfg = Release|Any CPU
		{7C7AAFED-D146-4E7D-AF38-E99E5E8C42A9}.Release|Any CPU.Build.0 = Release|Any CPU
		{9CF4B445-519E-4352-B2D5-6E68ECA14529}.Debug|Any CPU.ActiveCfg = Debug|Any CPU
		{9CF4B445-519E-4352-B2D5-6E68ECA14529}.Debug|Any CPU.Build.0 = Debug|Any CPU
		{9CF4B445-519E-4352-B2D5-6E68ECA14529}.Release|Any CPU.ActiveCfg = Release|Any CPU
		{9CF4B445-519E-4352-B2D5-6E68ECA14529}.Release|Any CPU.Build.0 = Release|Any CPU
		{A30B69C0-7AEB-42A7-8AB6-3576069D0653}.Debug|Any CPU.ActiveCfg = Debug|Any CPU
		{A30B69C0-7AEB-42A7-8AB6-3576069D0653}.Debug|Any CPU.Build.0 = Debug|Any CPU
		{A30B69C0-7AEB-42A7-8AB6-3576069D0653}.Release|Any CPU.ActiveCfg = Release|Any CPU
		{A30B69C0-7AEB-42A7-8AB6-3576069D0653}.Release|Any CPU.Build.0 = Release|Any CPU
		{F7E82426-0842-45B9-BB03-C4A11F0F6322}.Debug|Any CPU.ActiveCfg = Debug|Any CPU
		{F7E82426-0842-45B9-BB03-C4A11F0F6322}.Debug|Any CPU.Build.0 = Debug|Any CPU
		{F7E82426-0842-45B9-BB03-C4A11F0F6322}.Release|Any CPU.ActiveCfg = Release|Any CPU
		{F7E82426-0842-45B9-BB03-C4A11F0F6322}.Release|Any CPU.Build.0 = Release|Any CPU
		{0A09486F-18C6-44A5-B1B3-927C33D5216B}.Debug|Any CPU.ActiveCfg = Debug|Any CPU
		{0A09486F-18C6-44A5-B1B3-927C33D5216B}.Debug|Any CPU.Build.0 = Debug|Any CPU
		{0A09486F-18C6-44A5-B1B3-927C33D5216B}.Release|Any CPU.ActiveCfg = Release|Any CPU
		{0A09486F-18C6-44A5-B1B3-927C33D5216B}.Release|Any CPU.Build.0 = Release|Any CPU
	EndGlobalSection
	GlobalSection(SolutionProperties) = preSolution
		HideSolutionNode = FALSE
	EndGlobalSection
	GlobalSection(NestedProjects) = preSolution
		{9BB6BF28-97FD-427B-898D-9317BEB60DDF} = {5A5C882C-EA8A-41FD-9AA5-A5E5AD51659C}
		{DAFBAF4C-1D84-4366-ACF8-D21A858C1716} = {5A5C882C-EA8A-41FD-9AA5-A5E5AD51659C}
		{7C7AAFED-D146-4E7D-AF38-E99E5E8C42A9} = {DAFBAF4C-1D84-4366-ACF8-D21A858C1716}
		{9CF4B445-519E-4352-B2D5-6E68ECA14529} = {DAFBAF4C-1D84-4366-ACF8-D21A858C1716}
		{A30B69C0-7AEB-42A7-8AB6-3576069D0653} = {DAFBAF4C-1D84-4366-ACF8-D21A858C1716}
		{F7E82426-0842-45B9-BB03-C4A11F0F6322} = {DAFBAF4C-1D84-4366-ACF8-D21A858C1716}
		{C31C9229-E6BA-46B2-B7C8-2E642E5D8C84} = {5A5C882C-EA8A-41FD-9AA5-A5E5AD51659C}
		{0A09486F-18C6-44A5-B1B3-927C33D5216B} = {C31C9229-E6BA-46B2-B7C8-2E642E5D8C84}
	EndGlobalSection
	GlobalSection(ExtensibilityGlobals) = postSolution
		SolutionGuid = {2EBB789E-F19F-4A8C-AFEE-D5C10416F661}
	EndGlobalSection
EndGlobal
